
Microsoft Visual Studio Solution File, Format Version 12.00
# Visual Studio Version 17
VisualStudioVersion = 17.4.33403.182
MinimumVisualStudioVersion = 10.0.40219.1
Project("{FAE04EC0-301F-11D3-BF4B-00C04F79EFBC}") = "Metot_Overloading", "Metot_Overloading\Metot_Overloading.csproj", "{125CA890-B2E4-49B0-A54A-728B112B77D9}"
EndProject
Global
	GlobalSection(SolutionConfigurationPlatforms) = preSolution
		Debug|Any CPU = Debug|Any CPU
		Release|Any CPU = Release|Any CPU
	EndGlobalSection
	GlobalSection(ProjectConfigurationPlatforms) = postSolution
		{125CA890-B2E4-49B0-A54A-728B112B77D9}.Debug|Any CPU.ActiveCfg = Debug|Any CPU
		{125CA890-B2E4-49B0-A54A-728B112B77D9}.Debug|Any CPU.Build.0 = Debug|Any CPU
		{125CA890-B2E4-49B0-A54A-728B112B77D9}.Release|Any CPU.ActiveCfg = Release|Any CPU
		{125CA890-B2E4-49B0-A54A-728B112B77D9}.Release|Any CPU.Build.0 = Release|Any CPU
	EndGlobalSection
	GlobalSection(SolutionProperties) = preSolution
		HideSolutionNode = FALSE
	EndGlobalSection
	GlobalSection(ExtensibilityGlobals) = postSolution
		SolutionGuid = {F509352D-5A98-4CC0-B43A-D0DB14648C8F}
	EndGlobalSection
EndGlobal
